
Microsoft Visual Studio Solution File, Format Version 12.00
# Visual Studio 15
VisualStudioVersion = 15.0.28010.0
MinimumVisualStudioVersion = 10.0.40219.1
Project("{FAE04EC0-301F-11D3-BF4B-00C04F79EFBC}") = "SchoolTimeTable_WPF", "SchoolTimeTable_WPF\SchoolTimeTable_WPF.csproj", "{6ADFF544-6FC7-404B-AC15-787E0F52CF29}"
EndProject
Global
	GlobalSection(SolutionConfigurationPlatforms) = preSolution
		Debug|Any CPU = Debug|Any CPU
		Release|Any CPU = Release|Any CPU
	EndGlobalSection
	GlobalSection(ProjectConfigurationPlatforms) = postSolution
		{6ADFF544-6FC7-404B-AC15-787E0F52CF29}.Debug|Any CPU.ActiveCfg = Debug|Any CPU
		{6ADFF544-6FC7-404B-AC15-787E0F52CF29}.Debug|Any CPU.Build.0 = Debug|Any CPU
		{6ADFF544-6FC7-404B-AC15-787E0F52CF29}.Release|Any CPU.ActiveCfg = Release|Any CPU
		{6ADFF544-6FC7-404B-AC15-787E0F52CF29}.Release|Any CPU.Build.0 = Release|Any CPU
	EndGlobalSection
	GlobalSection(SolutionProperties) = preSolution
		HideSolutionNode = FALSE
	EndGlobalSection
	GlobalSection(ExtensibilityGlobals) = postSolution
		SolutionGuid = {7387311F-B5B6-49BF-8E43-64CB0B487C9B}
	EndGlobalSection
EndGlobal
